
Microsoft Visual Studio Solution File, Format Version 12.00
# Visual Studio Version 16
VisualStudioVersion = 16.0.30011.22
MinimumVisualStudioVersion = 10.0.40219.1
Project("{8BC9CEB8-8B4A-11D0-8D11-00A0C91BC942}") = "codepro_mariogame", "codepro_mariogame\codepro_mariogame.vcxproj", "{BFF00A5C-E368-409B-B6D2-C9256AA3CF0F}"
EndProject
Global
	GlobalSection(SolutionConfigurationPlatforms) = preSolution
		Debug|x64 = Debug|x64
		Debug|x86 = Debug|x86
		Release|x64 = Release|x64
		Release|x86 = Release|x86
	EndGlobalSection
	GlobalSection(ProjectConfigurationPlatforms) = postSolution
		{BFF00A5C-E368-409B-B6D2-C9256AA3CF0F}.Debug|x64.ActiveCfg = Debug|x64
		{BFF00A5C-E368-409B-B6D2-C9256AA3CF0F}.Debug|x64.Build.0 = Debug|x64
		{BFF00A5C-E368-409B-B6D2-C9256AA3CF0F}.Debug|x86.ActiveCfg = Debug|Win32
		{BFF00A5C-E368-409B-B6D2-C9256AA3CF0F}.Debug|x86.Build.0 = Debug|Win32
		{BFF00A5C-E368-409B-B6D2-C9256AA3CF0F}.Release|x64.ActiveCfg = Release|x64
		{BFF00A5C-E368-409B-B6D2-C9256AA3CF0F}.Release|x64.Build.0 = Release|x64
		{BFF00A5C-E368-409B-B6D2-C9256AA3CF0F}.Release|x86.ActiveCfg = Release|Win32
		{BFF00A5C-E368-409B-B6D2-C9256AA3CF0F}.Release|x86.Build.0 = Release|Win32
	EndGlobalSection
	GlobalSection(SolutionProperties) = preSolution
		HideSolutionNode = FALSE
	EndGlobalSection
	GlobalSection(ExtensibilityGlobals) = postSolution
		SolutionGuid = {1E7BFF00-BB8E-448C-BC74-3DBA10A1ECED}
	EndGlobalSection
EndGlobal
